
Microsoft Visual Studio Solution File, Format Version 12.00
# Visual Studio Version 17
VisualStudioVersion = 17.5.002.0
MinimumVisualStudioVersion = 10.0.40219.1
Project("{9A19103F-16F7-4668-BE54-9A1E7A4F7556}") = "dotnet", "dotnet\dotnet.csproj", "{16F82340-3CAB-42C6-97CE-ECC420B2B2AD}"
EndProject
Global
	GlobalSection(SolutionConfigurationPlatforms) = preSolution
		Debug|Any CPU = Debug|Any CPU
		Release|Any CPU = Release|Any CPU
	EndGlobalSection
	GlobalSection(ProjectConfigurationPlatforms) = postSolution
		{16F82340-3CAB-42C6-97CE-ECC420B2B2AD}.Debug|Any CPU.ActiveCfg = Debug|Any CPU
		{16F82340-3CAB-42C6-97CE-ECC420B2B2AD}.Debug|Any CPU.Build.0 = Debug|Any CPU
		{16F82340-3CAB-42C6-97CE-ECC420B2B2AD}.Release|Any CPU.ActiveCfg = Release|Any CPU
		{16F82340-3CAB-42C6-97CE-ECC420B2B2AD}.Release|Any CPU.Build.0 = Release|Any CPU
	EndGlobalSection
	GlobalSection(SolutionProperties) = preSolution
		HideSolutionNode = FALSE
	EndGlobalSection
	GlobalSection(ExtensibilityGlobals) = postSolution
		SolutionGuid = {9D1772C8-B88F-4C44-89EA-6A958808B31E}
	EndGlobalSection
EndGlobal
